
Microsoft Visual Studio Solution File, Format Version 12.00
# Visual Studio Version 17
VisualStudioVersion = 17.14.36202.13 d17.14
MinimumVisualStudioVersion = 10.0.40219.1
Project("{FAE04EC0-301F-11D3-BF4B-00C04F79EFBC}") = "BookLibraryAPI", "BookLibraryAPI\BookLibraryAPI.csproj", "{3CF330F9-5745-4A73-870D-D36F2FC6B95B}"
EndProject
Global
	GlobalSection(SolutionConfigurationPlatforms) = preSolution
		Debug|Any CPU = Debug|Any CPU
		Release|Any CPU = Release|Any CPU
	EndGlobalSection
	GlobalSection(ProjectConfigurationPlatforms) = postSolution
		{3CF330F9-5745-4A73-870D-D36F2FC6B95B}.Debug|Any CPU.ActiveCfg = Debug|Any CPU
		{3CF330F9-5745-4A73-870D-D36F2FC6B95B}.Debug|Any CPU.Build.0 = Debug|Any CPU
		{3CF330F9-5745-4A73-870D-D36F2FC6B95B}.Release|Any CPU.ActiveCfg = Release|Any CPU
		{3CF330F9-5745-4A73-870D-D36F2FC6B95B}.Release|Any CPU.Build.0 = Release|Any CPU
	EndGlobalSection
	GlobalSection(SolutionProperties) = preSolution
		HideSolutionNode = FALSE
	EndGlobalSection
	GlobalSection(ExtensibilityGlobals) = postSolution
		SolutionGuid = {FAE58780-2EEB-49AC-8FCC-C24240FB13EB}
	EndGlobalSection
EndGlobal
